// !$*UTF8*$!
{
	archiveVersion = 1;
	classes = {
	};
	objectVersion = 77;
	objects = {

/* Begin PBXBuildFile section */
		00EE6F84EBAA4AC4B5721267616D2D47 /* Module.swift in Sources */ = {isa = PBXBuildFile; fileRef = 11AA16E272014F318F0E3ED919A6228B /* Module.swift */; };
		04D5C50EE97C4D34AF2A59ADA78C4E63 /* FeatureFlags.swift in Sources */ = {isa = PBXBuildFile; fileRef = C2C2FAC8B27F4A6184234696398E8BC3 /* FeatureFlags.swift */; };
		06FC1821039C4626BE7000E0C850A105 /* QuestionBank.json in Resources */ = {isa = PBXBuildFile; fileRef = C1883FB36F654D3B871D0A97245EFDA7 /* QuestionBank.json */; };
		088A2BD1CBEC45F8BA5740370111CAB7 /* AnalyticsView.swift in Sources */ = {isa = PBXBuildFile; fileRef = 3E6EB0CE9ACB4A3BB5971898D1472535 /* AnalyticsView.swift */; };
		0F700BEE169142CE820DA16FA6135139 /* SettingsView.swift in Sources */ = {isa = PBXBuildFile; fileRef = 40FC45669166482E82BEFE55B1FE4ED3 /* SettingsView.swift */; };
		1774F936AAED4DF890800778752C8097 /* RemoteConfigDefaults.plist in Resources */ = {isa = PBXBuildFile; fileRef = B2AFDA42D2264F55B9BB51F9D440DDF6 /* RemoteConfigDefaults.plist */; };
		18B3488D447F45679C3A6858F13DAA67 /* ContentView.swift in Sources */ = {isa = PBXBuildFile; fileRef = F82B26094B0241A2ACE038D5ADA22CFD /* ContentView.swift */; };
		1CD5903B8C6C444E94B8A3BC3C52206E /* Assets.xcassets in Resources */ = {isa = PBXBuildFile; fileRef = 27E9C1BFF33147AA93F5940EC5C44D11 /* Assets.xcassets */; };
		22979F2A83E146E19C4398AA0E6C28B2 /* SyncManager.swift in Sources */ = {isa = PBXBuildFile; fileRef = EC62B4D842D145ADA7840F500EF7FADA /* SyncManager.swift */; };
		28ED945C3CBB4A5FB828F54551CCA037 /* iprepApp.swift in Sources */ = {isa = PBXBuildFile; fileRef = C46026CD14BC40359C763C160BA632DE /* iprepApp.swift */; };
		2BBCE414B7C9450E8986843E1E81E8CA /* AuthService.swift in Sources */ = {isa = PBXBuildFile; fileRef = 04CB7CA82495475D97773CAE91E47A24 /* AuthService.swift */; };
		3CB825099C264F3DA4B11912DDA700CE /* Color+Theme.swift in Sources */ = {isa = PBXBuildFile; fileRef = 9DF5A6BB8A2D4FAC919D3F14E6D203F3 /* Color+Theme.swift */; };
		44DF851586B848EC8E715DE2CC1D5CF9 /* AppEnvironment.swift in Sources */ = {isa = PBXBuildFile; fileRef = B07C759E3F054EC1941DE79C9C09DD3F /* AppEnvironment.swift */; };
		4D0396234B6D45428DDD15956A4ABCB6 /* LandingView.swift in Sources */ = {isa = PBXBuildFile; fileRef = 35C4BCB37AD543D988E87B2E93C5C127 /* LandingView.swift */; };
		5D3E5A4B60B244DB928AB9A5 /* StudyPlanner.swift in Sources */ = {isa = PBXBuildFile; fileRef = A9B4C8D1EFA942E59A91F92E /* StudyPlanner.swift */; };
		6C4EE29D30304051A340E0F3 /* LeaderboardService.swift in Sources */ = {isa = PBXBuildFile; fileRef = CF6D41F93E3E4ED89F89B4AF /* LeaderboardService.swift */; };
		7011757F2E89F0D6006A58BB /* Shared.framework in Frameworks */ = {isa = PBXBuildFile; fileRef = 7002F7F92E89DA8300C8DDCD /* Shared.framework */; };
		701175802E89F0D6006A58BB /* Shared.framework in Embed Frameworks */ = {isa = PBXBuildFile; fileRef = 7002F7F92E89DA8300C8DDCD /* Shared.framework */; settings = {ATTRIBUTES = (CodeSignOnCopy, RemoveHeadersOnCopy, ); }; };
		708634392E8450E300C23EB9 /* QuestionStudyState.swift in Sources */ = {isa = PBXBuildFile; fileRef = 708634382E8450E300C23EB9 /* QuestionStudyState.swift */; };
		7086343B2E84510600C23EB9 /* QuestionStudyState 2.swift in Sources */ = {isa = PBXBuildFile; fileRef = 7086343A2E84510600C23EB9 /* QuestionStudyState 2.swift */; };
		71281BA6D6504160B51D9CE5C311BB32 /* Bundle+Module.swift in Sources */ = {isa = PBXBuildFile; fileRef = D8DDC5ACE4BF42CD8320257E93057C92 /* Bundle+Module.swift */; };
		78FDA9F444CE417A90BBD511CF6027AA /* FeatureFlagKey.swift in Sources */ = {isa = PBXBuildFile; fileRef = 1F5E6B7FE3E944A084667119DCB51437 /* FeatureFlagKey.swift */; };
		7AF711252B62401D999358C3BA29AEC2 /* AppRoute.swift in Sources */ = {isa = PBXBuildFile; fileRef = CBAC83BFD1814D4A86FC79F9E9D875F1 /* AppRoute.swift */; };
		7BA104C02DFE45829F6E0720170DD0D5 /* FirestoreService.swift in Sources */ = {isa = PBXBuildFile; fileRef = 74C6C133872F42DCB81D987D9A102357 /* FirestoreService.swift */; };
		8CBDBEC7A2344BB99522C81F76516892 /* RemoteConfigService.swift in Sources */ = {isa = PBXBuildFile; fileRef = 325E018E58804774A4878363821EC6E7 /* RemoteConfigService.swift */; };
		8F4CB5807C8C42E79AE8F813B504E6C1 /* ModulePickerView.swift in Sources */ = {isa = PBXBuildFile; fileRef = D5A9A74B7E1C4F54B5BD3D1474D85E6C /* ModulePickerView.swift */; };
		9DE08A01724444F085B8FC6726D2545B /* LocalStore.swift in Sources */ = {isa = PBXBuildFile; fileRef = 56AA673CAF064039AEE3E9D50C37DB2A /* LocalStore.swift */; };
		A75DCF6288A048009FA249649AAF6B4E /* Typography.swift in Sources */ = {isa = PBXBuildFile; fileRef = 1603593839C043A1B2DF9C40EEAA8F1B /* Typography.swift */; };
		AC177ADA13BA494BAA875685F00E4C44 /* PersistencePlaceholder.swift in Sources */ = {isa = PBXBuildFile; fileRef = DABB22DF1A5741F1B5370F60642C6BD0 /* PersistencePlaceholder.swift */; };
		B5C9F4D20C3A4C2AB65E8B0F /* QuestionExplorerView.swift in Sources */ = {isa = PBXBuildFile; fileRef = B5C9F4D10C3A4C2AB65E8B0F /* QuestionExplorerView.swift */; };
		B5D2A0A50C3A4C2AB65E8B0F /* LeaderboardView.swift in Sources */ = {isa = PBXBuildFile; fileRef = B5D2A0A40C3A4C2AB65E8B0F /* LeaderboardView.swift */; };
		B5F76D2E0C3A4C2AB65E8B0F /* QuizQuestion+Search.swift in Sources */ = {isa = PBXBuildFile; fileRef = B5F76D2D0C3A4C2AB65E8B0F /* QuizQuestion+Search.swift */; };
		C00440B036254D539CB1183D8D65DBE5 /* QuizQuestion.swift in Sources */ = {isa = PBXBuildFile; fileRef = 34C5AF69351E42D5B7D17261E90F13BF /* QuizQuestion.swift */; };
		C2C573FC49FA40EFB3E9A11CE0FA95CE /* QuizView.swift in Sources */ = {isa = PBXBuildFile; fileRef = 9325A22A51C548D4918ED3CD24108945 /* QuizView.swift */; };
		C56568C821054BCA8274349E3316B2B6 /* ModuleCard.swift in Sources */ = {isa = PBXBuildFile; fileRef = 867EAA7E0857465EB85541EE6B6F6956 /* ModuleCard.swift */; };
		C72875661A69457CAD01BCB71D80CE83 /* QuestionBankService.swift in Sources */ = {isa = PBXBuildFile; fileRef = AE70CAF56ECC4BFE8772461EC8A7F4F2 /* QuestionBankService.swift */; };
		D153F22415F04D3BAE96B8211CBB5CA4 /* ReviewView.swift in Sources */ = {isa = PBXBuildFile; fileRef = 80EF59ED330A46CC811F33119E569BBB /* ReviewView.swift */; };
		D216FAB3824E4E669AB328C668C59ACC /* DashboardView.swift in Sources */ = {isa = PBXBuildFile; fileRef = A193B45676494E6F86C0577318F5D53C /* DashboardView.swift */; };
		DA29A49195504BF7B054C4369B3D8461 /* MediaCache.swift in Sources */ = {isa = PBXBuildFile; fileRef = 4FC545C4D83B43A891470ACB43BE8D94 /* MediaCache.swift */; };
		E5DA7482F16E4BEABB817AF3 /* QuizSessionConfiguration.swift in Sources */ = {isa = PBXBuildFile; fileRef = B07174C53C9C4E5990C2D77F /* QuizSessionConfiguration.swift */; };
		E6670BB829D64B9DAAD4FCE683ACD745 /* StorageService.swift in Sources */ = {isa = PBXBuildFile; fileRef = CB6A4C295EFF4018B94718796CD385B1 /* StorageService.swift */; };
		EB6224622CD7487D8421BEA35B8543E2 /* QuizViewModel.swift in Sources */ = {isa = PBXBuildFile; fileRef = C93A783C837A4F8F8EFB884E8E87E31A /* QuizViewModel.swift */; };
		F6A0F744B0B04AEF8161F1F18A1A8619 /* ProgressReportView.swift in Sources */ = {isa = PBXBuildFile; fileRef = F6A0F744B0B04AEF8161F1F18A1A8618 /* ProgressReportView.swift */; };
		FECAA48C5DB04A9F8E8CB17D9965359C /* QuizSessionState.swift in Sources */ = {isa = PBXBuildFile; fileRef = E878849A04C447B5BAE56C95F5A9A25F /* QuizSessionState.swift */; };
		F7F0F1F32E89F0D6006A58BC /* FlowPublisher.swift in Sources */ = {isa = PBXBuildFile; fileRef = F7F0F1F22E89F0D6006A58BC /* FlowPublisher.swift */; };
/* End PBXBuildFile section */

/* Begin PBXCopyFilesBuildPhase section */
		701175812E89F0D6006A58BB /* Embed Frameworks */ = {
			isa = PBXCopyFilesBuildPhase;
			buildActionMask = 2147483647;
			dstPath = "";
			dstSubfolderSpec = 10;
			files = (
				701175802E89F0D6006A58BB /* Shared.framework in Embed Frameworks */,
			);
			name = "Embed Frameworks";
			runOnlyForDeploymentPostprocessing = 0;
		};
/* End PBXCopyFilesBuildPhase section */

/* Begin PBXFileReference section */
		04CB7CA82495475D97773CAE91E47A24 /* AuthService.swift */ = {isa = PBXFileReference; lastKnownFileType = sourcecode.swift; path = AuthService.swift; sourceTree = "<group>"; };
		11AA16E272014F318F0E3ED919A6228B /* Module.swift */ = {isa = PBXFileReference; lastKnownFileType = sourcecode.swift; path = Module.swift; sourceTree = "<group>"; };
		1603593839C043A1B2DF9C40EEAA8F1B /* Typography.swift */ = {isa = PBXFileReference; lastKnownFileType = sourcecode.swift; path = Typography.swift; sourceTree = "<group>"; };
		1F5E6B7FE3E944A084667119DCB51437 /* FeatureFlagKey.swift */ = {isa = PBXFileReference; lastKnownFileType = sourcecode.swift; path = FeatureFlagKey.swift; sourceTree = "<group>"; };
		27E9C1BFF33147AA93F5940EC5C44D11 /* Assets.xcassets */ = {isa = PBXFileReference; lastKnownFileType = folder.assetcatalog; path = Assets.xcassets; sourceTree = "<group>"; };
		325E018E58804774A4878363821EC6E7 /* RemoteConfigService.swift */ = {isa = PBXFileReference; lastKnownFileType = sourcecode.swift; path = RemoteConfigService.swift; sourceTree = "<group>"; };
		34C5AF69351E42D5B7D17261E90F13BF /* QuizQuestion.swift */ = {isa = PBXFileReference; lastKnownFileType = sourcecode.swift; path = QuizQuestion.swift; sourceTree = "<group>"; };
		35C4BCB37AD543D988E87B2E93C5C127 /* LandingView.swift */ = {isa = PBXFileReference; lastKnownFileType = sourcecode.swift; path = LandingView.swift; sourceTree = "<group>"; };
		3E6EB0CE9ACB4A3BB5971898D1472535 /* AnalyticsView.swift */ = {isa = PBXFileReference; lastKnownFileType = sourcecode.swift; path = AnalyticsView.swift; sourceTree = "<group>"; };
		40FC45669166482E82BEFE55B1FE4ED3 /* SettingsView.swift */ = {isa = PBXFileReference; lastKnownFileType = sourcecode.swift; path = SettingsView.swift; sourceTree = "<group>"; };
		4FC545C4D83B43A891470ACB43BE8D94 /* MediaCache.swift */ = {isa = PBXFileReference; lastKnownFileType = sourcecode.swift; path = MediaCache.swift; sourceTree = "<group>"; };
		56AA673CAF064039AEE3E9D50C37DB2A /* LocalStore.swift */ = {isa = PBXFileReference; lastKnownFileType = sourcecode.swift; path = LocalStore.swift; sourceTree = "<group>"; };
		7002F7F92E89DA8300C8DDCD /* Shared.framework */ = {isa = PBXFileReference; lastKnownFileType = wrapper.framework; name = Shared.framework; path = ../shared/build/bin/iosSimulatorUniversal/Shared.framework; sourceTree = "<group>"; };
		7023E4712E7F974B00502576 /* iprep.app */ = {isa = PBXFileReference; explicitFileType = wrapper.application; includeInIndex = 0; path = iprep.app; sourceTree = BUILT_PRODUCTS_DIR; };
		708634382E8450E300C23EB9 /* QuestionStudyState.swift */ = {isa = PBXFileReference; lastKnownFileType = sourcecode.swift; path = QuestionStudyState.swift; sourceTree = "<group>"; };
		7086343A2E84510600C23EB9 /* QuestionStudyState 2.swift */ = {isa = PBXFileReference; lastKnownFileType = sourcecode.swift; path = "QuestionStudyState 2.swift"; sourceTree = "<group>"; };
		74C6C133872F42DCB81D987D9A102357 /* FirestoreService.swift */ = {isa = PBXFileReference; lastKnownFileType = sourcecode.swift; path = FirestoreService.swift; sourceTree = "<group>"; };
		F7F0F1F22E89F0D6006A58BC /* FlowPublisher.swift */ = {isa = PBXFileReference; lastKnownFileType = sourcecode.swift; path = FlowPublisher.swift; sourceTree = "<group>"; };
		80EF59ED330A46CC811F33119E569BBB /* ReviewView.swift */ = {isa = PBXFileReference; lastKnownFileType = sourcecode.swift; path = ReviewView.swift; sourceTree = "<group>"; };
		867EAA7E0857465EB85541EE6B6F6956 /* ModuleCard.swift */ = {isa = PBXFileReference; lastKnownFileType = sourcecode.swift; path = ModuleCard.swift; sourceTree = "<group>"; };
		9325A22A51C548D4918ED3CD24108945 /* QuizView.swift */ = {isa = PBXFileReference; lastKnownFileType = sourcecode.swift; path = QuizView.swift; sourceTree = "<group>"; };
		9DF5A6BB8A2D4FAC919D3F14E6D203F3 /* Color+Theme.swift */ = {isa = PBXFileReference; lastKnownFileType = sourcecode.swift; path = "Color+Theme.swift"; sourceTree = "<group>"; };
		A193B45676494E6F86C0577318F5D53C /* DashboardView.swift */ = {isa = PBXFileReference; lastKnownFileType = sourcecode.swift; path = DashboardView.swift; sourceTree = "<group>"; };
		A9B4C8D1EFA942E59A91F92E /* StudyPlanner.swift */ = {isa = PBXFileReference; lastKnownFileType = sourcecode.swift; path = StudyPlanner.swift; sourceTree = "<group>"; };
		AE70CAF56ECC4BFE8772461EC8A7F4F2 /* QuestionBankService.swift */ = {isa = PBXFileReference; lastKnownFileType = sourcecode.swift; path = QuestionBankService.swift; sourceTree = "<group>"; };
		B07174C53C9C4E5990C2D77F /* QuizSessionConfiguration.swift */ = {isa = PBXFileReference; lastKnownFileType = sourcecode.swift; path = QuizSessionConfiguration.swift; sourceTree = "<group>"; };
		B07C759E3F054EC1941DE79C9C09DD3F /* AppEnvironment.swift */ = {isa = PBXFileReference; lastKnownFileType = sourcecode.swift; path = AppEnvironment.swift; sourceTree = "<group>"; };
		B2AFDA42D2264F55B9BB51F9D440DDF6 /* RemoteConfigDefaults.plist */ = {isa = PBXFileReference; lastKnownFileType = text.plist.xml; path = RemoteConfigDefaults.plist; sourceTree = "<group>"; };
		B5C9F4D10C3A4C2AB65E8B0F /* QuestionExplorerView.swift */ = {isa = PBXFileReference; lastKnownFileType = sourcecode.swift; path = QuestionExplorerView.swift; sourceTree = "<group>"; };
		B5D2A0A40C3A4C2AB65E8B0F /* LeaderboardView.swift */ = {isa = PBXFileReference; lastKnownFileType = sourcecode.swift; path = LeaderboardView.swift; sourceTree = "<group>"; };
		B5F76D2D0C3A4C2AB65E8B0F /* QuizQuestion+Search.swift */ = {isa = PBXFileReference; lastKnownFileType = sourcecode.swift; path = "QuizQuestion+Search.swift"; sourceTree = "<group>"; };
		BE3DC45D12BC465E82770A7277022BD8 /* Info.plist */ = {isa = PBXFileReference; lastKnownFileType = text.plist.xml; path = Info.plist; sourceTree = "<group>"; };
		C1883FB36F654D3B871D0A97245EFDA7 /* QuestionBank.json */ = {isa = PBXFileReference; lastKnownFileType = text.json; path = "../shared/src/commonMain/resources/QuestionBank.json"; sourceTree = SOURCE_ROOT; };
		C2C2FAC8B27F4A6184234696398E8BC3 /* FeatureFlags.swift */ = {isa = PBXFileReference; lastKnownFileType = sourcecode.swift; path = FeatureFlags.swift; sourceTree = "<group>"; };
		C46026CD14BC40359C763C160BA632DE /* iprepApp.swift */ = {isa = PBXFileReference; lastKnownFileType = sourcecode.swift; path = iprepApp.swift; sourceTree = "<group>"; };
		C93A783C837A4F8F8EFB884E8E87E31A /* QuizViewModel.swift */ = {isa = PBXFileReference; lastKnownFileType = sourcecode.swift; path = QuizViewModel.swift; sourceTree = "<group>"; };
		CB6A4C295EFF4018B94718796CD385B1 /* StorageService.swift */ = {isa = PBXFileReference; lastKnownFileType = sourcecode.swift; path = StorageService.swift; sourceTree = "<group>"; };
		CBAC83BFD1814D4A86FC79F9E9D875F1 /* AppRoute.swift */ = {isa = PBXFileReference; lastKnownFileType = sourcecode.swift; path = AppRoute.swift; sourceTree = "<group>"; };
		CF6D41F93E3E4ED89F89B4AF /* LeaderboardService.swift */ = {isa = PBXFileReference; lastKnownFileType = sourcecode.swift; path = LeaderboardService.swift; sourceTree = "<group>"; };
		D5A9A74B7E1C4F54B5BD3D1474D85E6C /* ModulePickerView.swift */ = {isa = PBXFileReference; lastKnownFileType = sourcecode.swift; path = ModulePickerView.swift; sourceTree = "<group>"; };
		D8DDC5ACE4BF42CD8320257E93057C92 /* Bundle+Module.swift */ = {isa = PBXFileReference; lastKnownFileType = sourcecode.swift; path = "Bundle+Module.swift"; sourceTree = "<group>"; };
		DABB22DF1A5741F1B5370F60642C6BD0 /* PersistencePlaceholder.swift */ = {isa = PBXFileReference; lastKnownFileType = sourcecode.swift; path = PersistencePlaceholder.swift; sourceTree = "<group>"; };
		E878849A04C447B5BAE56C95F5A9A25F /* QuizSessionState.swift */ = {isa = PBXFileReference; lastKnownFileType = sourcecode.swift; path = QuizSessionState.swift; sourceTree = "<group>"; };
		EC62B4D842D145ADA7840F500EF7FADA /* SyncManager.swift */ = {isa = PBXFileReference; lastKnownFileType = sourcecode.swift; path = SyncManager.swift; sourceTree = "<group>"; };
		F6A0F744B0B04AEF8161F1F18A1A8618 /* ProgressReportView.swift */ = {isa = PBXFileReference; lastKnownFileType = sourcecode.swift; path = ProgressReportView.swift; sourceTree = "<group>"; };
		F82B26094B0241A2ACE038D5ADA22CFD /* ContentView.swift */ = {isa = PBXFileReference; lastKnownFileType = sourcecode.swift; path = ContentView.swift; sourceTree = "<group>"; };
/* End PBXFileReference section */

/* Begin PBXFrameworksBuildPhase section */
		7023E46E2E7F974B00502576 /* Frameworks */ = {
			isa = PBXFrameworksBuildPhase;
			buildActionMask = 2147483647;
			files = (
				7011757F2E89F0D6006A58BB /* Shared.framework in Frameworks */,
			);
			runOnlyForDeploymentPostprocessing = 0;
		};
/* End PBXFrameworksBuildPhase section */

/* Begin PBXGroup section */
		0BCBC8BDEFC044D98313FD51918F98DD /* Settings */ = {
			isa = PBXGroup;
			children = (
				40FC45669166482E82BEFE55B1FE4ED3 /* SettingsView.swift */,
			);
			path = Settings;
			sourceTree = "<group>";
		};
		3B1D911481264BDFAAB1A58C8E089F6E /* Landing */ = {
			isa = PBXGroup;
			children = (
				35C4BCB37AD543D988E87B2E93C5C127 /* LandingView.swift */,
				D5A9A74B7E1C4F54B5BD3D1474D85E6C /* ModulePickerView.swift */,
			);
			path = Landing;
			sourceTree = "<group>";
		};
		3F4297B0710B4E238AFF7C08889F3867 /* Support */ = {
			isa = PBXGroup;
			children = (
				D8DDC5ACE4BF42CD8320257E93057C92 /* Bundle+Module.swift */,
			);
			path = Support;
			sourceTree = "<group>";
		};
		440CEA0E133545B6B15F48B5AEE2F019 /* Review */ = {
			isa = PBXGroup;
			children = (
				80EF59ED330A46CC811F33119E569BBB /* ReviewView.swift */,
			);
			path = Review;
			sourceTree = "<group>";
		};
		47DD315047DE44B3A6AF0D37005731FA /* Components */ = {
			isa = PBXGroup;
			children = (
				1603593839C043A1B2DF9C40EEAA8F1B /* Typography.swift */,
				9DF5A6BB8A2D4FAC919D3F14E6D203F3 /* Color+Theme.swift */,
				867EAA7E0857465EB85541EE6B6F6956 /* ModuleCard.swift */,
			);
			path = Components;
			sourceTree = "<group>";
		};
		5C409892914A4A6E9BD0821B7DA8D28A /* Models */ = {
			isa = PBXGroup;
			children = (
				CBAC83BFD1814D4A86FC79F9E9D875F1 /* AppRoute.swift */,
				E878849A04C447B5BAE56C95F5A9A25F /* QuizSessionState.swift */,
				B07174C53C9C4E5990C2D77F /* QuizSessionConfiguration.swift */,
				B5F76D2D0C3A4C2AB65E8B0F /* QuizQuestion+Search.swift */,
				11AA16E272014F318F0E3ED919A6228B /* Module.swift */,
				1F5E6B7FE3E944A084667119DCB51437 /* FeatureFlagKey.swift */,
				34C5AF69351E42D5B7D17261E90F13BF /* QuizQuestion.swift */,
			);
			path = Models;
			sourceTree = "<group>";
		};
		5CBFA699A2E8482CA47ECBB52463AC9D /* Dashboard */ = {
			isa = PBXGroup;
			children = (
				A193B45676494E6F86C0577318F5D53C /* DashboardView.swift */,
			);
			path = Dashboard;
			sourceTree = "<group>";
		};
		7023E4682E7F974B00502576 = {
			isa = PBXGroup;
			children = (
				7023E4732E7F974B00502576 /* iprep */,
				70D0E85F2E89C0200024020C /* Frameworks */,
				7023E4722E7F974B00502576 /* Products */,
			);
			sourceTree = "<group>";
		};
		7023E4722E7F974B00502576 /* Products */ = {
			isa = PBXGroup;
			children = (
				7023E4712E7F974B00502576 /* iprep.app */,
			);
			name = Products;
			sourceTree = "<group>";
		};
		7023E4732E7F974B00502576 /* iprep */ = {
			isa = PBXGroup;
			children = (
				C46026CD14BC40359C763C160BA632DE /* iprepApp.swift */,
				F82B26094B0241A2ACE038D5ADA22CFD /* ContentView.swift */,
				B07C759E3F054EC1941DE79C9C09DD3F /* AppEnvironment.swift */,
				47DD315047DE44B3A6AF0D37005731FA /* Components */,
				8A24FB93CABF436CAF01F89D73B74D5D /* Features */,
				5C409892914A4A6E9BD0821B7DA8D28A /* Models */,
				FF14B1E9CC394BF88BE52B92677F65CE /* Persistence */,
				E4B606AD2BC84DEFBFD398182B34F3A1 /* Services */,
				C255CC14A31C48D2AA64C2A9DEF3F06D /* Resources */,
				3F4297B0710B4E238AFF7C08889F3867 /* Support */,
				27E9C1BFF33147AA93F5940EC5C44D11 /* Assets.xcassets */,
				BE3DC45D12BC465E82770A7277022BD8 /* Info.plist */,
			);
			path = iprep;
			sourceTree = "<group>";
		};
		70D0E85F2E89C0200024020C /* Frameworks */ = {
			isa = PBXGroup;
			children = (
				7002F7F92E89DA8300C8DDCD /* Shared.framework */,
			);
			name = Frameworks;
			sourceTree = "<group>";
		};
		8A24FB93CABF436CAF01F89D73B74D5D /* Features */ = {
			isa = PBXGroup;
			children = (
				F2E253672B034B3796B35B37548A7FFF /* Analytics */,
				5CBFA699A2E8482CA47ECBB52463AC9D /* Dashboard */,
				3B1D911481264BDFAAB1A58C8E089F6E /* Landing */,
				AF893AE8C8C144029D796BF162583478 /* Quiz */,
				440CEA0E133545B6B15F48B5AEE2F019 /* Review */,
				0BCBC8BDEFC044D98313FD51918F98DD /* Settings */,
				B5C9F4D30C3A4C2AB65E8B0F /* Search */,
				B5D2A0A60C3A4C2AB65E8B0F /* Leaderboard */,
			);
			path = Features;
			sourceTree = "<group>";
		};
		AF893AE8C8C144029D796BF162583478 /* Quiz */ = {
			isa = PBXGroup;
			children = (
				C93A783C837A4F8F8EFB884E8E87E31A /* QuizViewModel.swift */,
				9325A22A51C548D4918ED3CD24108945 /* QuizView.swift */,
			);
			path = Quiz;
			sourceTree = "<group>";
		};
		B5C9F4D30C3A4C2AB65E8B0F /* Search */ = {
			isa = PBXGroup;
			children = (
				B5C9F4D10C3A4C2AB65E8B0F /* QuestionExplorerView.swift */,
			);
			path = Search;
			sourceTree = "<group>";
		};
		B5D2A0A60C3A4C2AB65E8B0F /* Leaderboard */ = {
			isa = PBXGroup;
			children = (
				B5D2A0A40C3A4C2AB65E8B0F /* LeaderboardView.swift */,
			);
			path = Leaderboard;
			sourceTree = "<group>";
		};
		C255CC14A31C48D2AA64C2A9DEF3F06D /* Resources */ = {
			isa = PBXGroup;
			children = (
				C1883FB36F654D3B871D0A97245EFDA7 /* QuestionBank.json */,
				B2AFDA42D2264F55B9BB51F9D440DDF6 /* RemoteConfigDefaults.plist */,
			);
			path = Resources;
			sourceTree = "<group>";
		};
		E4B606AD2BC84DEFBFD398182B34F3A1 /* Services */ = {
			isa = PBXGroup;
			children = (
				F7F0F1F22E89F0D6006A58BC /* FlowPublisher.swift */,
				CF6D41F93E3E4ED89F89B4AF /* LeaderboardService.swift */,
				EC62B4D842D145ADA7840F500EF7FADA /* SyncManager.swift */,
				CB6A4C295EFF4018B94718796CD385B1 /* StorageService.swift */,
				AE70CAF56ECC4BFE8772461EC8A7F4F2 /* QuestionBankService.swift */,
				4FC545C4D83B43A891470ACB43BE8D94 /* MediaCache.swift */,
				56AA673CAF064039AEE3E9D50C37DB2A /* LocalStore.swift */,
				04CB7CA82495475D97773CAE91E47A24 /* AuthService.swift */,
				A9B4C8D1EFA942E59A91F92E /* StudyPlanner.swift */,
				C2C2FAC8B27F4A6184234696398E8BC3 /* FeatureFlags.swift */,
				325E018E58804774A4878363821EC6E7 /* RemoteConfigService.swift */,
				74C6C133872F42DCB81D987D9A102357 /* FirestoreService.swift */,
				708634382E8450E300C23EB9 /* QuestionStudyState.swift */,
				7086343A2E84510600C23EB9 /* QuestionStudyState 2.swift */,
			);
			path = Services;
			sourceTree = "<group>";
		};
		F2E253672B034B3796B35B37548A7FFF /* Analytics */ = {
			isa = PBXGroup;
			children = (
				3E6EB0CE9ACB4A3BB5971898D1472535 /* AnalyticsView.swift */,
				F6A0F744B0B04AEF8161F1F18A1A8618 /* ProgressReportView.swift */,
			);
			path = Analytics;
			sourceTree = "<group>";
		};
		FF14B1E9CC394BF88BE52B92677F65CE /* Persistence */ = {
			isa = PBXGroup;
			children = (
				DABB22DF1A5741F1B5370F60642C6BD0 /* PersistencePlaceholder.swift */,
			);
			path = Persistence;
			sourceTree = "<group>";
		};
/* End PBXGroup section */

/* Begin PBXNativeTarget section */
		7023E4702E7F974B00502576 /* iprep */ = {
			isa = PBXNativeTarget;
			buildConfigurationList = 7023E47C2E7F974C00502576 /* Build configuration list for PBXNativeTarget "iprep" */;
			buildPhases = (
				7002F7FC2E89DB8900C8DDCD /* Build KMM Framework */,
				7023E46D2E7F974B00502576 /* Sources */,
				7023E46E2E7F974B00502576 /* Frameworks */,
				7023E46F2E7F974B00502576 /* Resources */,
				701175812E89F0D6006A58BB /* Embed Frameworks */,
			);
			buildRules = (
			);
			dependencies = (
			);
			name = iprep;
			packageProductDependencies = (
			);
			productName = iprep;
			productReference = 7023E4712E7F974B00502576 /* iprep.app */;
			productType = "com.apple.product-type.application";
		};
/* End PBXNativeTarget section */

/* Begin PBXProject section */
		7023E4692E7F974B00502576 /* Project object */ = {
			isa = PBXProject;
			attributes = {
				BuildIndependentTargetsInParallel = 1;
				LastSwiftUpdateCheck = 2600;
				LastUpgradeCheck = 2610;
				TargetAttributes = {
					7023E4702E7F974B00502576 = {
						CreatedOnToolsVersion = 26.0;
					};
				};
			};
			buildConfigurationList = 7023E46C2E7F974B00502576 /* Build configuration list for PBXProject "iprep" */;
			developmentRegion = en;
			hasScannedForEncodings = 0;
			knownRegions = (
				en,
				Base,
			);
			mainGroup = 7023E4682E7F974B00502576;
			minimizedProjectReferenceProxies = 1;
			preferredProjectObjectVersion = 77;
			productRefGroup = 7023E4722E7F974B00502576 /* Products */;
			projectDirPath = "";
			projectRoot = "";
			targets = (
				7023E4702E7F974B00502576 /* iprep */,
			);
		};
/* End PBXProject section */

/* Begin PBXResourcesBuildPhase section */
		7023E46F2E7F974B00502576 /* Resources */ = {
			isa = PBXResourcesBuildPhase;
			buildActionMask = 2147483647;
			files = (
				1CD5903B8C6C444E94B8A3BC3C52206E /* Assets.xcassets in Resources */,
				06FC1821039C4626BE7000E0C850A105 /* QuestionBank.json in Resources */,
				1774F936AAED4DF890800778752C8097 /* RemoteConfigDefaults.plist in Resources */,
			);
			runOnlyForDeploymentPostprocessing = 0;
		};
/* End PBXResourcesBuildPhase section */

/* Begin PBXShellScriptBuildPhase section */
		7002F7FC2E89DB8900C8DDCD /* Build KMM Framework */ = {
			isa = PBXShellScriptBuildPhase;
			alwaysOutOfDate = 1;
			buildActionMask = 2147483647;
			files = (
			);
			inputFileListPaths = (
			);
			inputPaths = (
				"$(SRCROOT)/xcode_build_phase.sh",
			);
			name = "Build KMM Framework";
			outputFileListPaths = (
			);
			outputPaths = (
			);
			runOnlyForDeploymentPostprocessing = 0;
			shellPath = /bin/sh;
			shellScript = "$SRCROOT/xcode_build_phase.sh\n";
		};
/* End PBXShellScriptBuildPhase section */

/* Begin PBXSourcesBuildPhase section */
		7023E46D2E7F974B00502576 /* Sources */ = {
			isa = PBXSourcesBuildPhase;
			buildActionMask = 2147483647;
			files = (
				71281BA6D6504160B51D9CE5C311BB32 /* Bundle+Module.swift in Sources */,
				18B3488D447F45679C3A6858F13DAA67 /* ContentView.swift in Sources */,
				28ED945C3CBB4A5FB828F54551CCA037 /* iprepApp.swift in Sources */,
				44DF851586B848EC8E715DE2CC1D5CF9 /* AppEnvironment.swift in Sources */,
				A75DCF6288A048009FA249649AAF6B4E /* Typography.swift in Sources */,
				708634392E8450E300C23EB9 /* QuestionStudyState.swift in Sources */,
				3CB825099C264F3DA4B11912DDA700CE /* Color+Theme.swift in Sources */,
				C56568C821054BCA8274349E3316B2B6 /* ModuleCard.swift in Sources */,
				0F700BEE169142CE820DA16FA6135139 /* SettingsView.swift in Sources */,
				4D0396234B6D45428DDD15956A4ABCB6 /* LandingView.swift in Sources */,
				8F4CB5807C8C42E79AE8F813B504E6C1 /* ModulePickerView.swift in Sources */,
				EB6224622CD7487D8421BEA35B8543E2 /* QuizViewModel.swift in Sources */,
				C2C573FC49FA40EFB3E9A11CE0FA95CE /* QuizView.swift in Sources */,
				D216FAB3824E4E669AB328C668C59ACC /* DashboardView.swift in Sources */,
				F6A0F744B0B04AEF8161F1F18A1A8619 /* ProgressReportView.swift in Sources */,
				D153F22415F04D3BAE96B8211CBB5CA4 /* ReviewView.swift in Sources */,
				088A2BD1CBEC45F8BA5740370111CAB7 /* AnalyticsView.swift in Sources */,
				7AF711252B62401D999358C3BA29AEC2 /* AppRoute.swift in Sources */,
				FECAA48C5DB04A9F8E8CB17D9965359C /* QuizSessionState.swift in Sources */,
				E5DA7482F16E4BEABB817AF3 /* QuizSessionConfiguration.swift in Sources */,
				00EE6F84EBAA4AC4B5721267616D2D47 /* Module.swift in Sources */,
				78FDA9F444CE417A90BBD511CF6027AA /* FeatureFlagKey.swift in Sources */,
				C00440B036254D539CB1183D8D65DBE5 /* QuizQuestion.swift in Sources */,
				B5F76D2E0C3A4C2AB65E8B0F /* QuizQuestion+Search.swift in Sources */,
				B5C9F4D20C3A4C2AB65E8B0F /* QuestionExplorerView.swift in Sources */,
				B5D2A0A50C3A4C2AB65E8B0F /* LeaderboardView.swift in Sources */,
				AC177ADA13BA494BAA875685F00E4C44 /* PersistencePlaceholder.swift in Sources */,
				22979F2A83E146E19C4398AA0E6C28B2 /* SyncManager.swift in Sources */,
				E6670BB829D64B9DAAD4FCE683ACD745 /* StorageService.swift in Sources */,
				C72875661A69457CAD01BCB71D80CE83 /* QuestionBankService.swift in Sources */,
				5D3E5A4B60B244DB928AB9A5 /* StudyPlanner.swift in Sources */,
				DA29A49195504BF7B054C4369B3D8461 /* MediaCache.swift in Sources */,
				6C4EE29D30304051A340E0F3 /* LeaderboardService.swift in Sources */,
				9DE08A01724444F085B8FC6726D2545B /* LocalStore.swift in Sources */,
				2BBCE414B7C9450E8986843E1E81E8CA /* AuthService.swift in Sources */,
				04D5C50EE97C4D34AF2A59ADA78C4E63 /* FeatureFlags.swift in Sources */,
				8CBDBEC7A2344BB99522C81F76516892 /* RemoteConfigService.swift in Sources */,
				7BA104C02DFE45829F6E0720170DD0D5 /* FirestoreService.swift in Sources */,
				7086343B2E84510600C23EB9 /* QuestionStudyState 2.swift in Sources */,
				F7F0F1F32E89F0D6006A58BC /* FlowPublisher.swift in Sources */,
			);
			runOnlyForDeploymentPostprocessing = 0;
		};
/* End PBXSourcesBuildPhase section */

/* Begin XCBuildConfiguration section */
		7023E47A2E7F974C00502576 /* Debug */ = {
			isa = XCBuildConfiguration;
			buildSettings = {
				ALWAYS_SEARCH_USER_PATHS = NO;
				ASSETCATALOG_COMPILER_GENERATE_SWIFT_ASSET_SYMBOL_EXTENSIONS = YES;
				CLANG_ANALYZER_NONNULL = YES;
				CLANG_ANALYZER_NUMBER_OBJECT_CONVERSION = YES_AGGRESSIVE;
				CLANG_CXX_LANGUAGE_STANDARD = "gnu++20";
				CLANG_ENABLE_MODULES = YES;
				CLANG_ENABLE_OBJC_ARC = YES;
				CLANG_ENABLE_OBJC_WEAK = YES;
				CLANG_WARN_BLOCK_CAPTURE_AUTORELEASING = YES;
				CLANG_WARN_BOOL_CONVERSION = YES;
				CLANG_WARN_COMMA = YES;
				CLANG_WARN_CONSTANT_CONVERSION = YES;
				CLANG_WARN_DEPRECATED_OBJC_IMPLEMENTATIONS = YES;
				CLANG_WARN_DIRECT_OBJC_ISA_USAGE = YES_ERROR;
				CLANG_WARN_DOCUMENTATION_COMMENTS = YES;
				CLANG_WARN_EMPTY_BODY = YES;
				CLANG_WARN_ENUM_CONVERSION = YES;
				CLANG_WARN_INFINITE_RECURSION = YES;
				CLANG_WARN_INT_CONVERSION = YES;
				CLANG_WARN_NON_LITERAL_NULL_CONVERSION = YES;
				CLANG_WARN_OBJC_IMPLICIT_RETAIN_SELF = YES;
				CLANG_WARN_OBJC_LITERAL_CONVERSION = YES;
				CLANG_WARN_OBJC_ROOT_CLASS = YES_ERROR;
				CLANG_WARN_QUOTED_INCLUDE_IN_FRAMEWORK_HEADER = YES;
				CLANG_WARN_RANGE_LOOP_ANALYSIS = YES;
				CLANG_WARN_STRICT_PROTOTYPES = YES;
				CLANG_WARN_SUSPICIOUS_MOVE = YES;
				CLANG_WARN_UNGUARDED_AVAILABILITY = YES_AGGRESSIVE;
				CLANG_WARN_UNREACHABLE_CODE = YES;
				CLANG_WARN__DUPLICATE_METHOD_MATCH = YES;
				COPY_PHASE_STRIP = NO;
				DEBUG_INFORMATION_FORMAT = dwarf;
				DEVELOPMENT_TEAM = 7GX83T5H9X;
				ENABLE_STRICT_OBJC_MSGSEND = YES;
				ENABLE_TESTABILITY = YES;
				ENABLE_USER_SCRIPT_SANDBOXING = YES;
				GCC_C_LANGUAGE_STANDARD = gnu17;
				GCC_DYNAMIC_NO_PIC = NO;
				GCC_NO_COMMON_BLOCKS = YES;
				GCC_OPTIMIZATION_LEVEL = 0;
				GCC_PREPROCESSOR_DEFINITIONS = (
					"DEBUG=1",
					"$(inherited)",
				);
				GCC_WARN_64_TO_32_BIT_CONVERSION = YES;
				GCC_WARN_ABOUT_RETURN_TYPE = YES_ERROR;
				GCC_WARN_UNDECLARED_SELECTOR = YES;
				GCC_WARN_UNINITIALIZED_AUTOS = YES_AGGRESSIVE;
				GCC_WARN_UNUSED_FUNCTION = YES;
				GCC_WARN_UNUSED_VARIABLE = YES;
				IPHONEOS_DEPLOYMENT_TARGET = 26.0;
				LOCALIZATION_PREFERS_STRING_CATALOGS = YES;
				MTL_ENABLE_DEBUG_INFO = INCLUDE_SOURCE;
				MTL_FAST_MATH = YES;
				ONLY_ACTIVE_ARCH = YES;
				SDKROOT = iphoneos;
				STRING_CATALOG_GENERATE_SYMBOLS = YES;
				SWIFT_ACTIVE_COMPILATION_CONDITIONS = "DEBUG $(inherited)";
				SWIFT_OPTIMIZATION_LEVEL = "-Onone";
			};
			name = Debug;
		};
		7023E47B2E7F974C00502576 /* Release */ = {
			isa = XCBuildConfiguration;
			buildSettings = {
				ALWAYS_SEARCH_USER_PATHS = NO;
				ASSETCATALOG_COMPILER_GENERATE_SWIFT_ASSET_SYMBOL_EXTENSIONS = YES;
				CLANG_ANALYZER_NONNULL = YES;
				CLANG_ANALYZER_NUMBER_OBJECT_CONVERSION = YES_AGGRESSIVE;
				CLANG_CXX_LANGUAGE_STANDARD = "gnu++20";
				CLANG_ENABLE_MODULES = YES;
				CLANG_ENABLE_OBJC_ARC = YES;
				CLANG_ENABLE_OBJC_WEAK = YES;
				CLANG_WARN_BLOCK_CAPTURE_AUTORELEASING = YES;
				CLANG_WARN_BOOL_CONVERSION = YES;
				CLANG_WARN_COMMA = YES;
				CLANG_WARN_CONSTANT_CONVERSION = YES;
				CLANG_WARN_DEPRECATED_OBJC_IMPLEMENTATIONS = YES;
				CLANG_WARN_DIRECT_OBJC_ISA_USAGE = YES_ERROR;
				CLANG_WARN_DOCUMENTATION_COMMENTS = YES;
				CLANG_WARN_EMPTY_BODY = YES;
				CLANG_WARN_ENUM_CONVERSION = YES;
				CLANG_WARN_INFINITE_RECURSION = YES;
				CLANG_WARN_INT_CONVERSION = YES;
				CLANG_WARN_NON_LITERAL_NULL_CONVERSION = YES;
				CLANG_WARN_OBJC_IMPLICIT_RETAIN_SELF = YES;
				CLANG_WARN_OBJC_LITERAL_CONVERSION = YES;
				CLANG_WARN_OBJC_ROOT_CLASS = YES_ERROR;
				CLANG_WARN_QUOTED_INCLUDE_IN_FRAMEWORK_HEADER = YES;
				CLANG_WARN_RANGE_LOOP_ANALYSIS = YES;
				CLANG_WARN_STRICT_PROTOTYPES = YES;
				CLANG_WARN_SUSPICIOUS_MOVE = YES;
				CLANG_WARN_UNGUARDED_AVAILABILITY = YES_AGGRESSIVE;
				CLANG_WARN_UNREACHABLE_CODE = YES;
				CLANG_WARN__DUPLICATE_METHOD_MATCH = YES;
				COPY_PHASE_STRIP = NO;
				DEBUG_INFORMATION_FORMAT = "dwarf-with-dsym";
				DEVELOPMENT_TEAM = 7GX83T5H9X;
				ENABLE_NS_ASSERTIONS = NO;
				ENABLE_STRICT_OBJC_MSGSEND = YES;
				ENABLE_USER_SCRIPT_SANDBOXING = YES;
				GCC_C_LANGUAGE_STANDARD = gnu17;
				GCC_NO_COMMON_BLOCKS = YES;
				GCC_WARN_64_TO_32_BIT_CONVERSION = YES;
				GCC_WARN_ABOUT_RETURN_TYPE = YES_ERROR;
				GCC_WARN_UNDECLARED_SELECTOR = YES;
				GCC_WARN_UNINITIALIZED_AUTOS = YES_AGGRESSIVE;
				GCC_WARN_UNUSED_FUNCTION = YES;
				GCC_WARN_UNUSED_VARIABLE = YES;
				IPHONEOS_DEPLOYMENT_TARGET = 26.0;
				LOCALIZATION_PREFERS_STRING_CATALOGS = YES;
				MTL_ENABLE_DEBUG_INFO = NO;
				MTL_FAST_MATH = YES;
				SDKROOT = iphoneos;
				STRING_CATALOG_GENERATE_SYMBOLS = YES;
				SWIFT_COMPILATION_MODE = wholemodule;
				VALIDATE_PRODUCT = YES;
			};
			name = Release;
		};
		7023E47D2E7F974C00502576 /* Debug */ = {
			isa = XCBuildConfiguration;
			buildSettings = {
				ASSETCATALOG_COMPILER_APPICON_NAME = AppIcon;
				ASSETCATALOG_COMPILER_GLOBAL_ACCENT_COLOR_NAME = AccentColor;
				CODE_SIGN_STYLE = Automatic;
				CURRENT_PROJECT_VERSION = 4;
				DEVELOPMENT_TEAM = 7GX83T5H9X;
				ENABLE_PREVIEWS = YES;
				"FRAMEWORK_SEARCH_PATHS[arch=*]" = "$(SRCROOT)/../shared/build/bin/iosSimulatorUniversal";
				GENERATE_INFOPLIST_FILE = NO;
				INFOPLIST_FILE = iprep/Info.plist;
				IPHONEOS_DEPLOYMENT_TARGET = 17;
				LD_RUNPATH_SEARCH_PATHS = (
					"$(inherited)",
					"@executable_path/Frameworks",
				);
				MARKETING_VERSION = 1.0;
				PRODUCT_BUNDLE_IDENTIFIER = com.russellmiller.iprep;
				PRODUCT_NAME = "$(TARGET_NAME)";
				STRING_CATALOG_GENERATE_SYMBOLS = YES;
				SWIFT_DEFAULT_ACTOR_ISOLATION = MainActor;
				SWIFT_EMIT_LOC_STRINGS = YES;
				SWIFT_UPCOMING_FEATURE_MEMBER_IMPORT_VISIBILITY = YES;
				SWIFT_VERSION = 5.0;
				TARGETED_DEVICE_FAMILY = "1,2";
			};
			name = Debug;
		};
		7023E47E2E7F974C00502576 /* Release */ = {
			isa = XCBuildConfiguration;
			buildSettings = {
				ASSETCATALOG_COMPILER_APPICON_NAME = AppIcon;
				ASSETCATALOG_COMPILER_GLOBAL_ACCENT_COLOR_NAME = AccentColor;
				CODE_SIGN_STYLE = Automatic;
				CURRENT_PROJECT_VERSION = 4;
				DEVELOPMENT_TEAM = 7GX83T5H9X;
				ENABLE_PREVIEWS = YES;
				GENERATE_INFOPLIST_FILE = NO;
				INFOPLIST_FILE = iprep/Info.plist;
				IPHONEOS_DEPLOYMENT_TARGET = 17;
				LD_RUNPATH_SEARCH_PATHS = (
					"$(inherited)",
					"@executable_path/Frameworks",
				);
				MARKETING_VERSION = 1.0;
				PRODUCT_BUNDLE_IDENTIFIER = com.russellmiller.iprep;
				PRODUCT_NAME = "$(TARGET_NAME)";
				STRING_CATALOG_GENERATE_SYMBOLS = YES;
				SWIFT_DEFAULT_ACTOR_ISOLATION = MainActor;
				SWIFT_EMIT_LOC_STRINGS = YES;
				SWIFT_UPCOMING_FEATURE_MEMBER_IMPORT_VISIBILITY = YES;
				SWIFT_VERSION = 5.0;
				TARGETED_DEVICE_FAMILY = "1,2";
			};
			name = Release;
		};
/* End XCBuildConfiguration section */

/* Begin XCConfigurationList section */
		7023E46C2E7F974B00502576 /* Build configuration list for PBXProject "iprep" */ = {
			isa = XCConfigurationList;
			buildConfigurations = (
				7023E47A2E7F974C00502576 /* Debug */,
				7023E47B2E7F974C00502576 /* Release */,
			);
			defaultConfigurationIsVisible = 0;
			defaultConfigurationName = Release;
		};
		7023E47C2E7F974C00502576 /* Build configuration list for PBXNativeTarget "iprep" */ = {
			isa = XCConfigurationList;
			buildConfigurations = (
				7023E47D2E7F974C00502576 /* Debug */,
				7023E47E2E7F974C00502576 /* Release */,
			);
			defaultConfigurationIsVisible = 0;
			defaultConfigurationName = Release;
		};
/* End XCConfigurationList section */
	};
	rootObject = 7023E4692E7F974B00502576 /* Project object */;
}
